lockfileVersion: '9.0'

settings:
  autoInstallPeers: true
  excludeLinksFromLockfile: false

importers:

  .:
    dependencies:
      '@element-plus/icons-vue':
        specifier: ^2.1.0
        version: 2.3.1(vue@3.5.13(typescript@5.7.2))
      axios:
        specifier: ^1.6.2
        version: 1.7.9
      element-plus:
        specifier: ^2.4.4
        version: 2.9.0(vue@3.5.13(typescript@5.7.2))
      pinia:
        specifier: ^2.1.7
        version: 2.3.0(typescript@5.7.2)(vue@3.5.13(typescript@5.7.2))
      sass:
        specifier: ^1.69.5
        version: 1.82.0
      vue:
        specifier: ^3.3.11
        version: 3.5.13(typescript@5.7.2)
      vue-router:
        specifier: ^4.2.5
        version: 4.5.0(vue@3.5.13(typescript@5.7.2))
    devDependencies:
      '@types/node':
        specifier: ^20.0.0
        version: 20.17.9
      '@vitejs/plugin-vue':
        specifier: ^4.5.2
        version: 4.6.2(vite@5.4.11(@types/node@20.17.9)(sass@1.82.0))(vue@3.5.13(typescript@5.7.2))
      typescript:
        specifier: ^5.3.3
        version: 5.7.2
      vite:
        specifier: ^5.0.10
        version: 5.4.11(@types/node@20.17.9)(sass@1.82.0)
      vue-tsc:
        specifier: ^1.8.25
        version: 1.8.27(typescript@5.7.2)

packages:

  '@babel/helper-string-parser@7.25.9':
    resolution: {integrity: sha1-Gqu3Lucu01eJtLvK08ooYs5hTow=, tarball: http://r.npm.sankuai.com/@babel/helper-string-parser/download/@babel/helper-string-parser-7.25.9.tgz}
    engines: {node: '>=6.9.0'}

  '@babel/helper-validator-identifier@7.25.9':
    resolution: {integrity: sha1-JLZOLD7HzTs8VHcpuNFocfIsvcc=, tarball: http://r.npm.sankuai.com/@babel/helper-validator-identifier/download/@babel/helper-validator-identifier-7.25.9.tgz}
    engines: {node: '>=6.9.0'}

  '@babel/parser@7.26.3':
    resolution: {integrity: sha1-jFHF223fCBNK8d26zxaqq0i6wjQ=, tarball: http://r.npm.sankuai.com/@babel/parser/download/@babel/parser-7.26.3.tgz}
    engines: {node: '>=6.0.0'}
    hasBin: true

  '@babel/types@7.26.3':
    resolution: {integrity: sha1-N+eYMPBMK1aHrMd9uX+8dfuB88A=, tarball: http://r.npm.sankuai.com/@babel/types/download/@babel/types-7.26.3.tgz}
    engines: {node: '>=6.9.0'}

  '@ctrl/tinycolor@3.6.1':
    resolution: {integrity: sha1-tsdaVqGUfMkW6gWHctZmosiTLzE=, tarball: http://r.npm.sankuai.com/@ctrl/tinycolor/download/@ctrl/tinycolor-3.6.1.tgz}
    engines: {node: '>=10'}

  '@element-plus/icons-vue@2.3.1':
    resolution: {integrity: sha1-H2Na1f3VyF7ZNkgVJVcOgrWoMHo=, tarball: http://r.npm.sankuai.com/@element-plus/icons-vue/download/@element-plus/icons-vue-2.3.1.tgz}
    peerDependencies:
      vue: ^3.2.0

  '@esbuild/aix-ppc64@0.21.5':
    resolution: {integrity: sha1-xxhKMmUz/N8bjuBzPiHHE7l1V18=, tarball: http://r.npm.sankuai.com/@esbuild/aix-ppc64/download/@esbuild/aix-ppc64-0.21.5.tgz}
    engines: {node: '>=12'}
    cpu: [ppc64]
    os: [aix]

  '@esbuild/android-arm64@0.21.5':
    resolution: {integrity: sha1-Cdm0NXeA2p6jp9+4M6Hx/0ObQFI=, tarball: http://r.npm.sankuai.com/@esbuild/android-arm64/download/@esbuild/android-arm64-0.21.5.tgz}
    engines: {node: '>=12'}
    cpu: [arm64]
    os: [android]

  '@esbuild/android-arm@0.21.5':
    resolution: {integrity: sha1-mwQ4T7dxkm36bXrQQyTssqubLig=, tarball: http://r.npm.sankuai.com/@esbuild/android-arm/download/@esbuild/android-arm-0.21.5.tgz}
    engines: {node: '>=12'}
    cpu: [arm]
    os: [android]

  '@esbuild/android-x64@0.21.5':
    resolution: {integrity: sha1-KZGOwtt1TO3LbBsE3ozWVHr2Rh4=, tarball: http://r.npm.sankuai.com/@esbuild/android-x64/download/@esbuild/android-x64-0.21.5.tgz}
    engines: {node: '>=12'}
    cpu: [x64]
    os: [android]

  '@esbuild/darwin-arm64@0.21.5':
    resolution: {integrity: sha1-5JW1OWYOUWkPOSivUKdvsKbM/yo=, tarball: http://r.npm.sankuai.com/@esbuild/darwin-arm64/download/@esbuild/darwin-arm64-0.21.5.tgz}
    engines: {node: '>=12'}
    cpu: [arm64]
    os: [darwin]

  '@esbuild/darwin-x64@0.21.5':
    resolution: {integrity: sha1-wTg4+lc3KDmr3dyR1xVCzuouHiI=, tarball: http://r.npm.sankuai.com/@esbuild/darwin-x64/download/@esbuild/darwin-x64-0.21.5.tgz}
    engines: {node: '>=12'}
    cpu: [x64]
    os: [darwin]

  '@esbuild/freebsd-arm64@0.21.5':
    resolution: {integrity: sha1-ZGuYmqIL+J/Qcd1dv61po1QuVQ4=, tarball: http://r.npm.sankuai.com/@esbuild/freebsd-arm64/download/@esbuild/freebsd-arm64-0.21.5.tgz}
    engines: {node: '>=12'}
    cpu: [arm64]
    os: [freebsd]

  '@esbuild/freebsd-x64@0.21.5':
    resolution: {integrity: sha1-qmFc/ICvlU00WJBuOMoiwYz1wmE=, tarball: http://r.npm.sankuai.com/@esbuild/freebsd-x64/download/@esbuild/freebsd-x64-0.21.5.tgz}
    engines: {node: '>=12'}
    cpu: [x64]
    os: [freebsd]

  '@esbuild/linux-arm64@0.21.5':
    resolution: {integrity: sha1-cKxvoU9ct+H3+Ie8/7aArQmSK1s=, tarball: http://r.npm.sankuai.com/@esbuild/linux-arm64/download/@esbuild/linux-arm64-0.21.5.tgz}
    engines: {node: '>=12'}
    cpu: [arm64]
    os: [linux]

  '@esbuild/linux-arm@0.21.5':
    resolution: {integrity: sha1-/G/RGorKVsH284lPK+oEefj2Jrk=, tarball: http://r.npm.sankuai.com/@esbuild/linux-arm/download/@esbuild/linux-arm-0.21.5.tgz}
    engines: {node: '>=12'}
    cpu: [arm]
    os: [linux]

  '@esbuild/linux-ia32@0.21.5':
    resolution: {integrity: sha1-MnH1Oz+T49CT1RjRZJ1taNNG7eI=, tarball: http://r.npm.sankuai.com/@esbuild/linux-ia32/download/@esbuild/linux-ia32-0.21.5.tgz}
    engines: {node: '>=12'}
    cpu: [ia32]
    os: [linux]

  '@esbuild/linux-loong64@0.21.5':
    resolution: {integrity: sha1-7WLgQjjFcCauqDHFoTC3PA+fJt8=, tarball: http://r.npm.sankuai.com/@esbuild/linux-loong64/download/@esbuild/linux-loong64-0.21.5.tgz}
    engines: {node: '>=12'}
    cpu: [loong64]
    os: [linux]

  '@esbuild/linux-mips64el@0.21.5':
    resolution: {integrity: sha1-55uOtIvzsQb63sGsgkD7l7TmTL4=, tarball: http://r.npm.sankuai.com/@esbuild/linux-mips64el/download/@esbuild/linux-mips64el-0.21.5.tgz}
    engines: {node: '>=12'}
    cpu: [mips64el]
    os: [linux]

  '@esbuild/linux-ppc64@0.21.5':
    resolution: {integrity: sha1-XyIDhgoUO5kZ04PvdXNSH7FUw+Q=, tarball: http://r.npm.sankuai.com/@esbuild/linux-ppc64/download/@esbuild/linux-ppc64-0.21.5.tgz}
    engines: {node: '>=12'}
    cpu: [ppc64]
    os: [linux]

  '@esbuild/linux-riscv64@0.21.5':
    resolution: {integrity: sha1-B7yv2ZMi1a9i9hjLnmqbf0u4Jdw=, tarball: http://r.npm.sankuai.com/@esbuild/linux-riscv64/download/@esbuild/linux-riscv64-0.21.5.tgz}
    engines: {node: '>=12'}
    cpu: [riscv64]
    os: [linux]

  '@esbuild/linux-s390x@0.21.5':
    resolution: {integrity: sha1-t8z2hnUdaj5EuGJ6uryL4+9i2N4=, tarball: http://r.npm.sankuai.com/@esbuild/linux-s390x/download/@esbuild/linux-s390x-0.21.5.tgz}
    engines: {node: '>=12'}
    cpu: [s390x]
    os: [linux]

  '@esbuild/linux-x64@0.21.5':
    resolution: {integrity: sha1-bY8Mdo4HDmQwmvgAS7lOaKsrs7A=, tarball: http://r.npm.sankuai.com/@esbuild/linux-x64/download/@esbuild/linux-x64-0.21.5.tgz}
    engines: {node: '>=12'}
    cpu: [x64]
    os: [linux]

  '@esbuild/netbsd-x64@0.21.5':
    resolution: {integrity: sha1-u+Qw9g03jsuI3sshnGAmZzh6YEc=, tarball: http://r.npm.sankuai.com/@esbuild/netbsd-x64/download/@esbuild/netbsd-x64-0.21.5.tgz}
    engines: {node: '>=12'}
    cpu: [x64]
    os: [netbsd]

  '@esbuild/openbsd-x64@0.21.5':
    resolution: {integrity: sha1-mdHPKTcnlWDSEEgh9czOIgyyr3A=, tarball: http://r.npm.sankuai.com/@esbuild/openbsd-x64/download/@esbuild/openbsd-x64-0.21.5.tgz}
    engines: {node: '>=12'}
    cpu: [x64]
    os: [openbsd]

  '@esbuild/sunos-x64@0.21.5':
    resolution: {integrity: sha1-CHQVEsENUpVmurqDe0/gUsjzSHs=, tarball: http://r.npm.sankuai.com/@esbuild/sunos-x64/download/@esbuild/sunos-x64-0.21.5.tgz}
    engines: {node: '>=12'}
    cpu: [x64]
    os: [sunos]

  '@esbuild/win32-arm64@0.21.5':
    resolution: {integrity: sha1-Z1tzhTmEESQHNQFhRKsumaYPx10=, tarball: http://r.npm.sankuai.com/@esbuild/win32-arm64/download/@esbuild/win32-arm64-0.21.5.tgz}
    engines: {node: '>=12'}
    cpu: [arm64]
    os: [win32]

  '@esbuild/win32-ia32@0.21.5':
    resolution: {integrity: sha1-G/w86YqmypoJaeTSr3IUTFnBGTs=, tarball: http://r.npm.sankuai.com/@esbuild/win32-ia32/download/@esbuild/win32-ia32-0.21.5.tgz}
    engines: {node: '>=12'}
    cpu: [ia32]
    os: [win32]

  '@esbuild/win32-x64@0.21.5':
    resolution: {integrity: sha1-rK01HVgtFXuxRVNdsqb/U91RS1w=, tarball: http://r.npm.sankuai.com/@esbuild/win32-x64/download/@esbuild/win32-x64-0.21.5.tgz}
    engines: {node: '>=12'}
    cpu: [x64]
    os: [win32]

  '@floating-ui/core@1.6.8':
    resolution: {integrity: sha1-qkNWG+B1gVh5MFllAg9JLNtD2hI=, tarball: http://r.npm.sankuai.com/@floating-ui/core/download/@floating-ui/core-1.6.8.tgz}

  '@floating-ui/dom@1.6.12':
    resolution: {integrity: sha1-YzPctajq07K/gvM9a8QQ6V9U5VY=, tarball: http://r.npm.sankuai.com/@floating-ui/dom/download/@floating-ui/dom-1.6.12.tgz}

  '@floating-ui/utils@0.2.8':
    resolution: {integrity: sha1-IakHaEcju7ql8JdM93ML15frjmI=, tarball: http://r.npm.sankuai.com/@floating-ui/utils/download/@floating-ui/utils-0.2.8.tgz}

  '@jridgewell/sourcemap-codec@1.5.0':
    resolution: {integrity: sha1-MYi8snOkFLDSFf0ipYVAuYm5QJo=, tarball: http://r.npm.sankuai.com/@jridgewell/sourcemap-codec/download/@jridgewell/sourcemap-codec-1.5.0.tgz}

  '@parcel/watcher-android-arm64@2.5.0':
    resolution: {integrity: sha1-4y092mZHeR7pMFVq7iBvzV6g+3o=, tarball: http://r.npm.sankuai.com/@parcel/watcher-android-arm64/download/@parcel/watcher-android-arm64-2.5.0.tgz}
    engines: {node: '>= 10.0.0'}
    cpu: [arm64]
    os: [android]

  '@parcel/watcher-darwin-arm64@2.5.0':
    resolution: {integrity: sha1-DZ5oC36ewcj1SUTxuUWqh1WvsS8=, tarball: http://r.npm.sankuai.com/@parcel/watcher-darwin-arm64/download/@parcel/watcher-darwin-arm64-2.5.0.tgz}
    engines: {node: '>= 10.0.0'}
    cpu: [arm64]
    os: [darwin]

  '@parcel/watcher-darwin-x64@2.5.0':
    resolution: {integrity: sha1-+fHVzp1YeNNE8U7xhWt6gwxZ0bs=, tarball: http://r.npm.sankuai.com/@parcel/watcher-darwin-x64/download/@parcel/watcher-darwin-x64-2.5.0.tgz}
    engines: {node: '>= 10.0.0'}
    cpu: [x64]
    os: [darwin]

  '@parcel/watcher-freebsd-x64@2.5.0':
    resolution: {integrity: sha1-K3fwyC0Z6E/0wh3m2n99CWsafoI=, tarball: http://r.npm.sankuai.com/@parcel/watcher-freebsd-x64/download/@parcel/watcher-freebsd-x64-2.5.0.tgz}
    engines: {node: '>= 10.0.0'}
    cpu: [x64]
    os: [freebsd]

  '@parcel/watcher-linux-arm-glibc@2.5.0':
    resolution: {integrity: sha1-ku0yLFbbr6PSVF3PKAMzSu4THkI=, tarball: http://r.npm.sankuai.com/@parcel/watcher-linux-arm-glibc/download/@parcel/watcher-linux-arm-glibc-2.5.0.tgz}
    engines: {node: '>= 10.0.0'}
    cpu: [arm]
    os: [linux]
    libc: [glibc]

  '@parcel/watcher-linux-arm-musl@2.5.0':
    resolution: {integrity: sha1-zUjpv94M270uzZrM/FKWfiL4SaQ=, tarball: http://r.npm.sankuai.com/@parcel/watcher-linux-arm-musl/download/@parcel/watcher-linux-arm-musl-2.5.0.tgz}
    engines: {node: '>= 10.0.0'}
    cpu: [arm]
    os: [linux]
    libc: [musl]

  '@parcel/watcher-linux-arm64-glibc@2.5.0':
    resolution: {integrity: sha1-e4H21aRCu4n7q69sE1c+lKRv6wM=, tarball: http://r.npm.sankuai.com/@parcel/watcher-linux-arm64-glibc/download/@parcel/watcher-linux-arm64-glibc-2.5.0.tgz}
    engines: {node: '>= 10.0.0'}
    cpu: [arm64]
    os: [linux]
    libc: [glibc]

  '@parcel/watcher-linux-arm64-musl@2.5.0':
    resolution: {integrity: sha1-3Lj/AQd831mhjZ4KTf96DP5f1zI=, tarball: http://r.npm.sankuai.com/@parcel/watcher-linux-arm64-musl/download/@parcel/watcher-linux-arm64-musl-2.5.0.tgz}
    engines: {node: '>= 10.0.0'}
    cpu: [arm64]
    os: [linux]
    libc: [musl]

  '@parcel/watcher-linux-x64-glibc@2.5.0':
    resolution: {integrity: sha1-LiVGAP2k4y2DlCOE0RBuHu2ESU0=, tarball: http://r.npm.sankuai.com/@parcel/watcher-linux-x64-glibc/download/@parcel/watcher-linux-x64-glibc-2.5.0.tgz}
    engines: {node: '>= 10.0.0'}
    cpu: [x64]
    os: [linux]
    libc: [glibc]

  '@parcel/watcher-linux-x64-musl@2.5.0':
    resolution: {integrity: sha1-AfzqYP7bsyJa+AjT8KexEil5Lu8=, tarball: http://r.npm.sankuai.com/@parcel/watcher-linux-x64-musl/download/@parcel/watcher-linux-x64-musl-2.5.0.tgz}
    engines: {node: '>= 10.0.0'}
    cpu: [x64]
    os: [linux]
    libc: [musl]

  '@parcel/watcher-win32-arm64@2.5.0':
    resolution: {integrity: sha1-h82xbgeD53AZflL7HcAnuwyEcVQ=, tarball: http://r.npm.sankuai.com/@parcel/watcher-win32-arm64/download/@parcel/watcher-win32-arm64-2.5.0.tgz}
    engines: {node: '>= 10.0.0'}
    cpu: [arm64]
    os: [win32]

  '@parcel/watcher-win32-ia32@2.5.0':
    resolution: {integrity: sha1-d4w5tW2jPgRbohxnjDGp+dfGsiA=, tarball: http://r.npm.sankuai.com/@parcel/watcher-win32-ia32/download/@parcel/watcher-win32-ia32-2.5.0.tgz}
    engines: {node: '>= 10.0.0'}
    cpu: [ia32]
    os: [win32]

  '@parcel/watcher-win32-x64@2.5.0':
    resolution: {integrity: sha1-M4c4dtC7xYiqzOOOkNHXSAzoHLc=, tarball: http://r.npm.sankuai.com/@parcel/watcher-win32-x64/download/@parcel/watcher-win32-x64-2.5.0.tgz}
    engines: {node: '>= 10.0.0'}
    cpu: [x64]
    os: [win32]

  '@parcel/watcher@2.5.0':
    resolution: {integrity: sha1-XIiBixK43kMHqdPm3D4o66DfvRA=, tarball: http://r.npm.sankuai.com/@parcel/watcher/download/@parcel/watcher-2.5.0.tgz}
    engines: {node: '>= 10.0.0'}

  '@rollup/rollup-android-arm-eabi@4.28.1':
    resolution: {integrity: sha1-f0xNjNXMq26V1nUNvgAyHB8weR4=, tarball: http://r.npm.sankuai.com/@rollup/rollup-android-arm-eabi/download/@rollup/rollup-android-arm-eabi-4.28.1.tgz}
    cpu: [arm]
    os: [android]

  '@rollup/rollup-android-arm64@4.28.1':
    resolution: {integrity: sha1-F+pxaV+xUYwsMkutvkMaC9GHny0=, tarball: http://r.npm.sankuai.com/@rollup/rollup-android-arm64/download/@rollup/rollup-android-arm64-4.28.1.tgz}
    cpu: [arm64]
    os: [android]

  '@rollup/rollup-darwin-arm64@4.28.1':
    resolution: {integrity: sha1-2sDw0M+nPn1SJa5tMDwTyJeeeZk=, tarball: http://r.npm.sankuai.com/@rollup/rollup-darwin-arm64/download/@rollup/rollup-darwin-arm64-4.28.1.tgz}
    cpu: [arm64]
    os: [darwin]

  '@rollup/rollup-darwin-x64@4.28.1':
    resolution: {integrity: sha1-j2O6odMXhJBKOA0uKT+h3fU91KI=, tarball: http://r.npm.sankuai.com/@rollup/rollup-darwin-x64/download/@rollup/rollup-darwin-x64-4.28.1.tgz}
    cpu: [x64]
    os: [darwin]

  '@rollup/rollup-freebsd-arm64@4.28.1':
    resolution: {integrity: sha1-MO0kfg326IWM3GrkCQ4S2+uM6UY=, tarball: http://r.npm.sankuai.com/@rollup/rollup-freebsd-arm64/download/@rollup/rollup-freebsd-arm64-4.28.1.tgz}
    cpu: [arm64]
    os: [freebsd]

  '@rollup/rollup-freebsd-x64@4.28.1':
    resolution: {integrity: sha1-V4RvOC/du1CEEq4HhVuKBMj1YoI=, tarball: http://r.npm.sankuai.com/@rollup/rollup-freebsd-x64/download/@rollup/rollup-freebsd-x64-4.28.1.tgz}
    cpu: [x64]
    os: [freebsd]

  '@rollup/rollup-linux-arm-gnueabihf@4.28.1':
    resolution: {integrity: sha1-N4ymZsna5eb5TR01HnSXwXbptt8=, tarball: http://r.npm.sankuai.com/@rollup/rollup-linux-arm-gnueabihf/download/@rollup/rollup-linux-arm-gnueabihf-4.28.1.tgz}
    cpu: [arm]
    os: [linux]
    libc: [glibc]

  '@rollup/rollup-linux-arm-musleabihf@4.28.1':
    resolution: {integrity: sha1-ppLv87qzMNXDOl1YE6CQwVN0zds=, tarball: http://r.npm.sankuai.com/@rollup/rollup-linux-arm-musleabihf/download/@rollup/rollup-linux-arm-musleabihf-4.28.1.tgz}
    cpu: [arm]
    os: [linux]
    libc: [musl]

  '@rollup/rollup-linux-arm64-gnu@4.28.1':
    resolution: {integrity: sha1-axcZt2CI2lrBrh/sz0jFkmuePbk=, tarball: http://r.npm.sankuai.com/@rollup/rollup-linux-arm64-gnu/download/@rollup/rollup-linux-arm64-gnu-4.28.1.tgz}
    cpu: [arm64]
    os: [linux]
    libc: [glibc]

  '@rollup/rollup-linux-arm64-musl@4.28.1':
    resolution: {integrity: sha1-hluvW29f9nrLMuWjWVCIKOjcV4g=, tarball: http://r.npm.sankuai.com/@rollup/rollup-linux-arm64-musl/download/@rollup/rollup-linux-arm64-musl-4.28.1.tgz}
    cpu: [arm64]
    os: [linux]
    libc: [musl]

  '@rollup/rollup-linux-loongarch64-gnu@4.28.1':
    resolution: {integrity: sha512-vPul4uodvWvLhRco2w0GcyZcdyBfpfDRgNKU+p35AWEbJ/HPs1tOUrkSueVbBS0RQHAf/A+nNtDpvw95PeVKOA==, tarball: https://registry.npmjs.org/@rollup/rollup-linux-loongarch64-gnu/-/rollup-linux-loongarch64-gnu-4.28.1.tgz}
    cpu: [loong64]
    os: [linux]

  '@rollup/rollup-linux-powerpc64le-gnu@4.28.1':
    resolution: {integrity: sha1-ZS7w2TNKnyW52vhXMSQoAcsPxBw=, tarball: http://r.npm.sankuai.com/@rollup/rollup-linux-powerpc64le-gnu/download/@rollup/rollup-linux-powerpc64le-gnu-4.28.1.tgz}
    cpu: [ppc64]
    os: [linux]
    libc: [glibc]

  '@rollup/rollup-linux-riscv64-gnu@4.28.1':
    resolution: {integrity: sha1-HrZlGDnubrymTWzGT+u9KZ6V5r0=, tarball: http://r.npm.sankuai.com/@rollup/rollup-linux-riscv64-gnu/download/@rollup/rollup-linux-riscv64-gnu-4.28.1.tgz}
    cpu: [riscv64]
    os: [linux]
    libc: [glibc]

  '@rollup/rollup-linux-s390x-gnu@4.28.1':
    resolution: {integrity: sha1-AVxSKTr7P/Kik88JNrHUOXXB6c0=, tarball: http://r.npm.sankuai.com/@rollup/rollup-linux-s390x-gnu/download/@rollup/rollup-linux-s390x-gnu-4.28.1.tgz}
    cpu: [s390x]
    os: [linux]
    libc: [glibc]

  '@rollup/rollup-linux-x64-gnu@4.28.1':
    resolution: {integrity: sha1-uDABtavtK8teLb7san5psZQjXB4=, tarball: http://r.npm.sankuai.com/@rollup/rollup-linux-x64-gnu/download/@rollup/rollup-linux-x64-gnu-4.28.1.tgz}
    cpu: [x64]
    os: [linux]
    libc: [glibc]

  '@rollup/rollup-linux-x64-musl@4.28.1':
    resolution: {integrity: sha1-bMfITNRWNzf4WT5m8ztX2OIogFs=, tarball: http://r.npm.sankuai.com/@rollup/rollup-linux-x64-musl/download/@rollup/rollup-linux-x64-musl-4.28.1.tgz}
    cpu: [x64]
    os: [linux]
    libc: [musl]

  '@rollup/rollup-win32-arm64-msvc@4.28.1':
    resolution: {integrity: sha1-Yx/+7glNcSefzR/oByvc8lMRvBE=, tarball: http://r.npm.sankuai.com/@rollup/rollup-win32-arm64-msvc/download/@rollup/rollup-win32-arm64-msvc-4.28.1.tgz}
    cpu: [arm64]
    os: [win32]

  '@rollup/rollup-win32-ia32-msvc@4.28.1':
    resolution: {integrity: sha1-BtHWDVufcY6KbEpD+C4/njJUWH8=, tarball: http://r.npm.sankuai.com/@rollup/rollup-win32-ia32-msvc/download/@rollup/rollup-win32-ia32-msvc-4.28.1.tgz}
    cpu: [ia32]
    os: [win32]

  '@rollup/rollup-win32-x64-msvc@4.28.1':
    resolution: {integrity: sha1-Tf9cQlnr5sW0qPLFvDgpt6hEf/A=, tarball: http://r.npm.sankuai.com/@rollup/rollup-win32-x64-msvc/download/@rollup/rollup-win32-x64-msvc-4.28.1.tgz}
    cpu: [x64]
    os: [win32]

  '@sxzz/popperjs-es@2.11.7':
    resolution: {integrity: sha1-p/aeNmXT2psRX55xZx2uG5fhNnE=, tarball: http://r.npm.sankuai.com/@sxzz/popperjs-es/download/@sxzz/popperjs-es-2.11.7.tgz}

  '@types/estree@1.0.6':
    resolution: {integrity: sha1-Yo7/7q4gZKG055946B2Ht+X8e1A=, tarball: http://r.npm.sankuai.com/@types/estree/download/@types/estree-1.0.6.tgz}

  '@types/lodash-es@4.17.12':
    resolution: {integrity: sha1-ZfbR5fgFOap8+/yWLeXe8M9PNBs=, tarball: http://r.npm.sankuai.com/@types/lodash-es/download/@types/lodash-es-4.17.12.tgz}

  '@types/lodash@4.17.13':
    resolution: {integrity: sha1-eG4tZ8/ZXjKGIUOr50Y6f5DDAOs=, tarball: http://r.npm.sankuai.com/@types/lodash/download/@types/lodash-4.17.13.tgz}

  '@types/node@20.17.9':
    resolution: {integrity: sha1-XxQdS37hJc3uX67+KN4JU5iGW6s=, tarball: http://r.npm.sankuai.com/@types/node/download/@types/node-20.17.9.tgz}

  '@types/web-bluetooth@0.0.16':
    resolution: {integrity: sha1-HRKHOo5JVnNx8qdf4+f37cpmYtg=, tarball: http://r.npm.sankuai.com/@types/web-bluetooth/download/@types/web-bluetooth-0.0.16.tgz}

  '@vitejs/plugin-vue@4.6.2':
    resolution: {integrity: sha1-BX0t7ZTE5xuU6YFPktzZMGMXqkY=, tarball: http://r.npm.sankuai.com/@vitejs/plugin-vue/download/@vitejs/plugin-vue-4.6.2.tgz}
    engines: {node: ^14.18.0 || >=16.0.0}
    peerDependencies:
      vite: ^4.0.0 || ^5.0.0
      vue: ^3.2.25

  '@volar/language-core@1.11.1':
    resolution: {integrity: sha1-7N8S6o3DX7hUnlF5kavL9EmlrU8=, tarball: http://r.npm.sankuai.com/@volar/language-core/download/@volar/language-core-1.11.1.tgz}

  '@volar/source-map@1.11.1':
    resolution: {integrity: sha1-U1sDKNnit6kd/4Rsq0BY4ZH0RS8=, tarball: http://r.npm.sankuai.com/@volar/source-map/download/@volar/source-map-1.11.1.tgz}

  '@volar/typescript@1.11.1':
    resolution: {integrity: sha1-uobG8ybYjiScf1z+S3Zb45Rv1ic=, tarball: http://r.npm.sankuai.com/@volar/typescript/download/@volar/typescript-1.11.1.tgz}

  '@vue/compiler-core@3.5.13':
    resolution: {integrity: sha1-sK5sQ0f2DAPoSaBdNOW/dHyb2gU=, tarball: http://r.npm.sankuai.com/@vue/compiler-core/download/@vue/compiler-core-3.5.13.tgz}

  '@vue/compiler-dom@3.5.13':
    resolution: {integrity: sha1-uxuHWNvFQrNljdqXO5ihyTEailg=, tarball: http://r.npm.sankuai.com/@vue/compiler-dom/download/@vue/compiler-dom-3.5.13.tgz}

  '@vue/compiler-sfc@3.5.13':
    resolution: {integrity: sha1-Rh+L00O1wG+sQYnE/vivMt6oK0Y=, tarball: http://r.npm.sankuai.com/@vue/compiler-sfc/download/@vue/compiler-sfc-3.5.13.tgz}

  '@vue/compiler-ssr@3.5.13':
    resolution: {integrity: sha1-53GtzKbT0AD5GkJ3yXKpltB/Q7o=, tarball: http://r.npm.sankuai.com/@vue/compiler-ssr/download/@vue/compiler-ssr-3.5.13.tgz}

  '@vue/devtools-api@6.6.4':
    resolution: {integrity: sha1-y+l/4BYrNl7cHbqA4XP5BJJTU0M=, tarball: http://r.npm.sankuai.com/@vue/devtools-api/download/@vue/devtools-api-6.6.4.tgz}

  '@vue/language-core@1.8.27':
    resolution: {integrity: sha1-LKaJLLUk4CSkTlVOTFXXoj5yJj8=, tarball: http://r.npm.sankuai.com/@vue/language-core/download/@vue/language-core-1.8.27.tgz}
    peerDependencies:
      typescript: '*'
    peerDependenciesMeta:
      typescript:
        optional: true

  '@vue/reactivity@3.5.13':
    resolution: {integrity: sha1-tB/yu4ZeCTiZoiIZ9bJfl7b+FV8=, tarball: http://r.npm.sankuai.com/@vue/reactivity/download/@vue/reactivity-3.5.13.tgz}

  '@vue/runtime-core@3.5.13':
    resolution: {integrity: sha1-H6+kvwuXrw692dv+mM1jDaNjpFU=, tarball: http://r.npm.sankuai.com/@vue/runtime-core/download/@vue/runtime-core-3.5.13.tgz}

  '@vue/runtime-dom@3.5.13':
    resolution: {integrity: sha1-YQ/Hld6SRjAOiuiGWTDVNOEkYhU=, tarball: http://r.npm.sankuai.com/@vue/runtime-dom/download/@vue/runtime-dom-3.5.13.tgz}

  '@vue/server-renderer@3.5.13':
    resolution: {integrity: sha1-Qp6tYu5R3niWRsIu/pCOSJqtRvc=, tarball: http://r.npm.sankuai.com/@vue/server-renderer/download/@vue/server-renderer-3.5.13.tgz}
    peerDependencies:
      vue: 3.5.13

  '@vue/shared@3.5.13':
    resolution: {integrity: sha1-h7MJpjecIrkm5paJMjeCb2Qzm28=, tarball: http://r.npm.sankuai.com/@vue/shared/download/@vue/shared-3.5.13.tgz}

  '@vueuse/core@9.13.0':
    resolution: {integrity: sha1-L2nmbRkFweTuvCSaAXWc+I6gDPQ=, tarball: http://r.npm.sankuai.com/@vueuse/core/download/@vueuse/core-9.13.0.tgz}

  '@vueuse/metadata@9.13.0':
    resolution: {integrity: sha1-vCWmza0bGpPDbOMBkRJNplIFOf8=, tarball: http://r.npm.sankuai.com/@vueuse/metadata/download/@vueuse/metadata-9.13.0.tgz}

  '@vueuse/shared@9.13.0':
    resolution: {integrity: sha1-CJ/0zE4uekAV5XqPMuSznQljU7k=, tarball: http://r.npm.sankuai.com/@vueuse/shared/download/@vueuse/shared-9.13.0.tgz}

  async-validator@4.2.5:
    resolution: {integrity: sha1-yW6jMypSFpnQr6rO7VEKVGVsYzk=, tarball: http://r.npm.sankuai.com/async-validator/download/async-validator-4.2.5.tgz}

  asynckit@0.4.0:
    resolution: {integrity: sha1-x57Zf380y48robyXkLzDZkdLS3k=, tarball: http://r.npm.sankuai.com/asynckit/download/asynckit-0.4.0.tgz}

  axios@1.7.9:
    resolution: {integrity: sha1-19BxOAwTKiSszaGyz8FTW3nsZQo=, tarball: http://r.npm.sankuai.com/axios/download/axios-1.7.9.tgz}

  balanced-match@1.0.2:
    resolution: {integrity: sha1-6D46fj8wCzTLnYf2FfoMvzV2kO4=, tarball: http://r.npm.sankuai.com/balanced-match/download/balanced-match-1.0.2.tgz}

  brace-expansion@2.0.1:
    resolution: {integrity: sha1-HtxFng8MVISG7Pn8mfIiE2S5oK4=, tarball: http://r.npm.sankuai.com/brace-expansion/download/brace-expansion-2.0.1.tgz}

  braces@3.0.3:
    resolution: {integrity: sha1-SQMy9AkZRSJy1VqEgK3AxEE1h4k=, tarball: http://r.npm.sankuai.com/braces/download/braces-3.0.3.tgz}
    engines: {node: '>=8'}

  chokidar@4.0.1:
    resolution: {integrity: sha1-Sm3/ZnmPsPcqlPYWq71+GhnzHUE=, tarball: http://r.npm.sankuai.com/chokidar/download/chokidar-4.0.1.tgz}
    engines: {node: '>= 14.16.0'}

  combined-stream@1.0.8:
    resolution: {integrity: sha1-w9RaizT9cwYxoRCoolIGgrMdWn8=, tarball: http://r.npm.sankuai.com/combined-stream/download/combined-stream-1.0.8.tgz}
    engines: {node: '>= 0.8'}

  computeds@0.0.1:
    resolution: {integrity: sha1-IVsIpLo+CKEf9u7l1tjXFmqXzi4=, tarball: http://r.npm.sankuai.com/computeds/download/computeds-0.0.1.tgz}

  csstype@3.1.3:
    resolution: {integrity: sha1-2A/ylNEU+w5qxQD7+FtgE31+/4E=, tarball: http://r.npm.sankuai.com/csstype/download/csstype-3.1.3.tgz}

  dayjs@1.11.13:
    resolution: {integrity: sha1-kkMLATkFXD67YBUKoT6GCktaNmw=, tarball: http://r.npm.sankuai.com/dayjs/download/dayjs-1.11.13.tgz}

  de-indent@1.0.2:
    resolution: {integrity: sha1-sgOOhG3DO6pXlhKNCAS0VbjB4h0=, tarball: http://r.npm.sankuai.com/de-indent/download/de-indent-1.0.2.tgz}

  delayed-stream@1.0.0:
    resolution: {integrity: sha1-3zrhmayt+31ECqrgsp4icrJOxhk=, tarball: http://r.npm.sankuai.com/delayed-stream/download/delayed-stream-1.0.0.tgz}
    engines: {node: '>=0.4.0'}

  detect-libc@1.0.3:
    resolution: {integrity: sha1-+hN8S9aY7fVc1c0CrFWfkaTEups=, tarball: http://r.npm.sankuai.com/detect-libc/download/detect-libc-1.0.3.tgz}
    engines: {node: '>=0.10'}
    hasBin: true

  element-plus@2.9.0:
    resolution: {integrity: sha1-dqFlZqttuttVWkBwS96HCgLDBrw=, tarball: http://r.npm.sankuai.com/element-plus/download/element-plus-2.9.0.tgz}
    peerDependencies:
      vue: ^3.2.0

  entities@4.5.0:
    resolution: {integrity: sha1-XSaOpecRPsdMTQM7eepaNaSI+0g=, tarball: http://r.npm.sankuai.com/entities/download/entities-4.5.0.tgz}
    engines: {node: '>=0.12'}

  esbuild@0.21.5:
    resolution: {integrity: sha1-nKMBsSCSKVm3ZjYNisgw2g0CmX0=, tarball: http://r.npm.sankuai.com/esbuild/download/esbuild-0.21.5.tgz}
    engines: {node: '>=12'}
    hasBin: true

  escape-html@1.0.3:
    resolution: {integrity: sha1-Aljq5NPQwJdN4cFpGI7wBR0dGYg=, tarball: http://r.npm.sankuai.com/escape-html/download/escape-html-1.0.3.tgz}

  estree-walker@2.0.2:
    resolution: {integrity: sha1-UvAQF4wqTBF6d1fP6UKtt9LaTKw=, tarball: http://r.npm.sankuai.com/estree-walker/download/estree-walker-2.0.2.tgz}

  fill-range@7.1.1:
    resolution: {integrity: sha1-RCZdPKwH4+p9wkdRY4BkN1SgUpI=, tarball: http://r.npm.sankuai.com/fill-range/download/fill-range-7.1.1.tgz}
    engines: {node: '>=8'}

  follow-redirects@1.15.9:
    resolution: {integrity: sha1-pgT6EORDv5jKlCKNnuvMLoosjuE=, tarball: http://r.npm.sankuai.com/follow-redirects/download/follow-redirects-1.15.9.tgz}
    engines: {node: '>=4.0'}
    peerDependencies:
      debug: '*'
    peerDependenciesMeta:
      debug:
        optional: true

  form-data@4.0.1:
    resolution: {integrity: sha1-uhB22qqlv9fpnBpssCqgpc/5DUg=, tarball: http://r.npm.sankuai.com/form-data/download/form-data-4.0.1.tgz}
    engines: {node: '>= 6'}

  fsevents@2.3.3:
    resolution: {integrity: sha1-ysZAd4XQNnWipeGlMFxpezR9kNY=, tarball: http://r.npm.sankuai.com/fsevents/download/fsevents-2.3.3.tgz}
    engines: {node: ^8.16.0 || ^10.6.0 || >=11.0.0}
    os: [darwin]

  he@1.2.0:
    resolution: {integrity: sha1-hK5l+n6vsWX922FWauFLrwVmTw8=, tarball: http://r.npm.sankuai.com/he/download/he-1.2.0.tgz}
    hasBin: true

  immutable@5.0.3:
    resolution: {integrity: sha1-qgN+IxPqe11ADNkpj6FOQEyTPbE=, tarball: http://r.npm.sankuai.com/immutable/download/immutable-5.0.3.tgz}

  is-extglob@2.1.1:
    resolution: {integrity: sha1-qIwCU1eR8C7TfHahueqXc8gz+MI=, tarball: http://r.npm.sankuai.com/is-extglob/download/is-extglob-2.1.1.tgz}
    engines: {node: '>=0.10.0'}

  is-glob@4.0.3:
    resolution: {integrity: sha1-ZPYeQsu7LuwgcanawLKLoeZdUIQ=, tarball: http://r.npm.sankuai.com/is-glob/download/is-glob-4.0.3.tgz}
    engines: {node: '>=0.10.0'}

  is-number@7.0.0:
    resolution: {integrity: sha1-dTU0W4lnNNX4DE0GxQlVUnoU8Ss=, tarball: http://r.npm.sankuai.com/is-number/download/is-number-7.0.0.tgz}
    engines: {node: '>=0.12.0'}

  lodash-es@4.17.21:
    resolution: {integrity: sha1-Q+YmxG5lkbd1C+srUBFzkMYJ4+4=, tarball: http://r.npm.sankuai.com/lodash-es/download/lodash-es-4.17.21.tgz}

  lodash-unified@1.0.3:
    resolution: {integrity: sha1-gLHqwQ7S6wLtGJ8IYUopwn0HyJQ=, tarball: http://r.npm.sankuai.com/lodash-unified/download/lodash-unified-1.0.3.tgz}
    peerDependencies:
      '@types/lodash-es': '*'
      lodash: '*'
      lodash-es: '*'

  lodash@4.17.21:
    resolution: {integrity: sha1-Z5WRxWTDv/quhFTPCz3zcMPWkRw=, tarball: http://r.npm.sankuai.com/lodash/download/lodash-4.17.21.tgz}

  magic-string@0.30.14:
    resolution: {integrity: sha1-6bsphwuBz8HsPMZWVS9af8vxkHc=, tarball: http://r.npm.sankuai.com/magic-string/download/magic-string-0.30.14.tgz}

  memoize-one@6.0.0:
    resolution: {integrity: sha1-slkbhx7YKUiu5HJ9xqvO7qyMEEU=, tarball: http://r.npm.sankuai.com/memoize-one/download/memoize-one-6.0.0.tgz}

  micromatch@4.0.8:
    resolution: {integrity: sha1-1m+hjzpHB2eJMgubGvMr2G2fogI=, tarball: http://r.npm.sankuai.com/micromatch/download/micromatch-4.0.8.tgz}
    engines: {node: '>=8.6'}

  mime-db@1.52.0:
    resolution: {integrity: sha1-u6vNwChZ9JhzAchW4zh85exDv3A=, tarball: http://r.npm.sankuai.com/mime-db/download/mime-db-1.52.0.tgz}
    engines: {node: '>= 0.6'}

  mime-types@2.1.35:
    resolution: {integrity: sha1-OBqHG2KnNEUGYK497uRIE/cNlZo=, tarball: http://r.npm.sankuai.com/mime-types/download/mime-types-2.1.35.tgz}
    engines: {node: '>= 0.6'}

  minimatch@9.0.5:
    resolution: {integrity: sha1-10+d1rV9g9jpjPuCEzsDl4vJKeU=, tarball: http://r.npm.sankuai.com/minimatch/download/minimatch-9.0.5.tgz}
    engines: {node: '>=16 || 14 >=14.17'}

  muggle-string@0.3.1:
    resolution: {integrity: sha1-5SQxLrFyjGPdCyrEnjKC5u2Fljo=, tarball: http://r.npm.sankuai.com/muggle-string/download/muggle-string-0.3.1.tgz}

  nanoid@3.3.8:
    resolution: {integrity: sha1-sb4wML7jaq/xi6yzdeXM5SFoS68=, tarball: http://r.npm.sankuai.com/nanoid/download/nanoid-3.3.8.tgz}
    engines: {node: ^10 || ^12 || ^13.7 || ^14 || >=15.0.1}
    hasBin: true

  node-addon-api@7.1.1:
    resolution: {integrity: sha1-Grpmk7DyVSWKBJ1iEykykyKq1Vg=, tarball: http://r.npm.sankuai.com/node-addon-api/download/node-addon-api-7.1.1.tgz}

  normalize-wheel-es@1.2.0:
    resolution: {integrity: sha1-D6JZPWGfckWlQWUmGRBasHas8J4=, tarball: http://r.npm.sankuai.com/normalize-wheel-es/download/normalize-wheel-es-1.2.0.tgz}

  path-browserify@1.0.1:
    resolution: {integrity: sha1-2YRUqcN1PVeQhg8W9ohnueRr4f0=, tarball: http://r.npm.sankuai.com/path-browserify/download/path-browserify-1.0.1.tgz}

  picocolors@1.1.1:
    resolution: {integrity: sha1-PTIa8+q5ObCDyPkpodEs2oHCa2s=, tarball: http://r.npm.sankuai.com/picocolors/download/picocolors-1.1.1.tgz}

  picomatch@2.3.1:
    resolution: {integrity: sha1-O6ODNzNkbZ0+SZWUbBNlpn+wekI=, tarball: http://r.npm.sankuai.com/picomatch/download/picomatch-2.3.1.tgz}
    engines: {node: '>=8.6'}

  pinia@2.3.0:
    resolution: {integrity: sha1-uB9Kx9oQMa+Nj3AHaGxLJ5mlW58=, tarball: http://r.npm.sankuai.com/pinia/download/pinia-2.3.0.tgz}
    peerDependencies:
      typescript: '>=4.4.4'
      vue: ^2.7.0 || ^3.5.11
    peerDependenciesMeta:
      typescript:
        optional: true

  postcss@8.4.49:
    resolution: {integrity: sha1-TqR5BIqwWas65h0IIZD6v9mU/hk=, tarball: http://r.npm.sankuai.com/postcss/download/postcss-8.4.49.tgz}
    engines: {node: ^10 || ^12 || >=14}

  proxy-from-env@1.1.0:
    resolution: {integrity: sha1-4QLxbKNVQkhldV0sno6k8k1Yw+I=, tarball: http://r.npm.sankuai.com/proxy-from-env/download/proxy-from-env-1.1.0.tgz}

  readdirp@4.0.2:
    resolution: {integrity: sha1-OI/MuLdWZdo6v/4tj47Vn+dMIwo=, tarball: http://r.npm.sankuai.com/readdirp/download/readdirp-4.0.2.tgz}
    engines: {node: '>= 14.16.0'}

  rollup@4.28.1:
    resolution: {integrity: sha1-dxi6NNYrRJ38Sa2/0vMStP4N9N4=, tarball: http://r.npm.sankuai.com/rollup/download/rollup-4.28.1.tgz}
    engines: {node: '>=18.0.0', npm: '>=8.0.0'}
    hasBin: true

  sass@1.82.0:
    resolution: {integrity: sha1-MNonevPQ+mBC6c6r0NmE7W0H33A=, tarball: http://r.npm.sankuai.com/sass/download/sass-1.82.0.tgz}
    engines: {node: '>=14.0.0'}
    hasBin: true

  semver@7.6.3:
    resolution: {integrity: sha1-mA97VVC8F1+03AlAMIVif56zMUM=, tarball: http://r.npm.sankuai.com/semver/download/semver-7.6.3.tgz}
    engines: {node: '>=10'}
    hasBin: true

  source-map-js@1.2.1:
    resolution: {integrity: sha1-HOVlD93YerwJnto33P8CTCZnrkY=, tarball: http://r.npm.sankuai.com/source-map-js/download/source-map-js-1.2.1.tgz}
    engines: {node: '>=0.10.0'}

  to-regex-range@5.0.1:
    resolution: {integrity: sha1-FkjESq58jZiKMmAY7XL1tN0DkuQ=, tarball: http://r.npm.sankuai.com/to-regex-range/download/to-regex-range-5.0.1.tgz}
    engines: {node: '>=8.0'}

  typescript@5.7.2:
    resolution: {integrity: sha1-MWnPjEyKgozeU7qeyz0rHV3We+Y=, tarball: http://r.npm.sankuai.com/typescript/download/typescript-5.7.2.tgz}
    engines: {node: '>=14.17'}
    hasBin: true

  undici-types@6.19.8:
    resolution: {integrity: sha1-NREcnRQ3q4OnzcCrri8m2I7aCgI=, tarball: http://r.npm.sankuai.com/undici-types/download/undici-types-6.19.8.tgz}

  vite@5.4.11:
    resolution: {integrity: sha1-O0Fc1K7XgaNWwd5anrr7g3cV9uU=, tarball: http://r.npm.sankuai.com/vite/download/vite-5.4.11.tgz}
    engines: {node: ^18.0.0 || >=20.0.0}
    hasBin: true
    peerDependencies:
      '@types/node': ^18.0.0 || >=20.0.0
      less: '*'
      lightningcss: ^1.21.0
      sass: '*'
      sass-embedded: '*'
      stylus: '*'
      sugarss: '*'
      terser: ^5.4.0
    peerDependenciesMeta:
      '@types/node':
        optional: true
      less:
        optional: true
      lightningcss:
        optional: true
      sass:
        optional: true
      sass-embedded:
        optional: true
      stylus:
        optional: true
      sugarss:
        optional: true
      terser:
        optional: true

  vue-demi@0.14.10:
    resolution: {integrity: sha1-r8eN49b54Rv3jFXoUQ7hKBRSLwQ=, tarball: http://r.npm.sankuai.com/vue-demi/download/vue-demi-0.14.10.tgz}
    engines: {node: '>=12'}
    hasBin: true
    peerDependencies:
      '@vue/composition-api': ^1.0.0-rc.1
      vue: ^3.0.0-0 || ^2.6.0
    peerDependenciesMeta:
      '@vue/composition-api':
        optional: true

  vue-router@4.5.0:
    resolution: {integrity: sha1-WPxf43ThC2AY+RAyj3VsPa4IHxQ=, tarball: http://r.npm.sankuai.com/vue-router/download/vue-router-4.5.0.tgz}
    peerDependencies:
      vue: ^3.2.0

  vue-template-compiler@2.7.16:
    resolution: {integrity: sha1-yBstR3UyZMd6wDuZZqRmN0grsDs=, tarball: http://r.npm.sankuai.com/vue-template-compiler/download/vue-template-compiler-2.7.16.tgz}

  vue-tsc@1.8.27:
    resolution: {integrity: sha1-/rK7Hu+b4oAXu56V4rvR691ISBw=, tarball: http://r.npm.sankuai.com/vue-tsc/download/vue-tsc-1.8.27.tgz}
    hasBin: true
    peerDependencies:
      typescript: '*'

  vue@3.5.13:
    resolution: {integrity: sha1-n3YKGpgrCcDASoZ5A/wznJ8p7Ao=, tarball: http://r.npm.sankuai.com/vue/download/vue-3.5.13.tgz}
    peerDependencies:
      typescript: '*'
    peerDependenciesMeta:
      typescript:
        optional: true

snapshots:

  '@babel/helper-string-parser@7.25.9': {}

  '@babel/helper-validator-identifier@7.25.9': {}

  '@babel/parser@7.26.3':
    dependencies:
      '@babel/types': 7.26.3

  '@babel/types@7.26.3':
    dependencies:
      '@babel/helper-string-parser': 7.25.9
      '@babel/helper-validator-identifier': 7.25.9

  '@ctrl/tinycolor@3.6.1': {}

  '@element-plus/icons-vue@2.3.1(vue@3.5.13(typescript@5.7.2))':
    dependencies:
      vue: 3.5.13(typescript@5.7.2)

  '@esbuild/aix-ppc64@0.21.5':
    optional: true

  '@esbuild/android-arm64@0.21.5':
    optional: true

  '@esbuild/android-arm@0.21.5':
    optional: true

  '@esbuild/android-x64@0.21.5':
    optional: true

  '@esbuild/darwin-arm64@0.21.5':
    optional: true

  '@esbuild/darwin-x64@0.21.5':
    optional: true

  '@esbuild/freebsd-arm64@0.21.5':
    optional: true

  '@esbuild/freebsd-x64@0.21.5':
    optional: true

  '@esbuild/linux-arm64@0.21.5':
    optional: true

  '@esbuild/linux-arm@0.21.5':
    optional: true

  '@esbuild/linux-ia32@0.21.5':
    optional: true

  '@esbuild/linux-loong64@0.21.5':
    optional: true

  '@esbuild/linux-mips64el@0.21.5':
    optional: true

  '@esbuild/linux-ppc64@0.21.5':
    optional: true

  '@esbuild/linux-riscv64@0.21.5':
    optional: true

  '@esbuild/linux-s390x@0.21.5':
    optional: true

  '@esbuild/linux-x64@0.21.5':
    optional: true

  '@esbuild/netbsd-x64@0.21.5':
    optional: true

  '@esbuild/openbsd-x64@0.21.5':
    optional: true

  '@esbuild/sunos-x64@0.21.5':
    optional: true

  '@esbuild/win32-arm64@0.21.5':
    optional: true

  '@esbuild/win32-ia32@0.21.5':
    optional: true

  '@esbuild/win32-x64@0.21.5':
    optional: true

  '@floating-ui/core@1.6.8':
    dependencies:
      '@floating-ui/utils': 0.2.8

  '@floating-ui/dom@1.6.12':
    dependencies:
      '@floating-ui/core': 1.6.8
      '@floating-ui/utils': 0.2.8

  '@floating-ui/utils@0.2.8': {}

  '@jridgewell/sourcemap-codec@1.5.0': {}

  '@parcel/watcher-android-arm64@2.5.0':
    optional: true

  '@parcel/watcher-darwin-arm64@2.5.0':
    optional: true

  '@parcel/watcher-darwin-x64@2.5.0':
    optional: true

  '@parcel/watcher-freebsd-x64@2.5.0':
    optional: true

  '@parcel/watcher-linux-arm-glibc@2.5.0':
    optional: true

  '@parcel/watcher-linux-arm-musl@2.5.0':
    optional: true

  '@parcel/watcher-linux-arm64-glibc@2.5.0':
    optional: true

  '@parcel/watcher-linux-arm64-musl@2.5.0':
    optional: true

  '@parcel/watcher-linux-x64-glibc@2.5.0':
    optional: true

  '@parcel/watcher-linux-x64-musl@2.5.0':
    optional: true

  '@parcel/watcher-win32-arm64@2.5.0':
    optional: true

  '@parcel/watcher-win32-ia32@2.5.0':
    optional: true

  '@parcel/watcher-win32-x64@2.5.0':
    optional: true

  '@parcel/watcher@2.5.0':
    dependencies:
      detect-libc: 1.0.3
      is-glob: 4.0.3
      micromatch: 4.0.8
      node-addon-api: 7.1.1
    optionalDependencies:
      '@parcel/watcher-android-arm64': 2.5.0
      '@parcel/watcher-darwin-arm64': 2.5.0
      '@parcel/watcher-darwin-x64': 2.5.0
      '@parcel/watcher-freebsd-x64': 2.5.0
      '@parcel/watcher-linux-arm-glibc': 2.5.0
      '@parcel/watcher-linux-arm-musl': 2.5.0
      '@parcel/watcher-linux-arm64-glibc': 2.5.0
      '@parcel/watcher-linux-arm64-musl': 2.5.0
      '@parcel/watcher-linux-x64-glibc': 2.5.0
      '@parcel/watcher-linux-x64-musl': 2.5.0
      '@parcel/watcher-win32-arm64': 2.5.0
      '@parcel/watcher-win32-ia32': 2.5.0
      '@parcel/watcher-win32-x64': 2.5.0
    optional: true

  '@rollup/rollup-android-arm-eabi@4.28.1':
    optional: true

  '@rollup/rollup-android-arm64@4.28.1':
    optional: true

  '@rollup/rollup-darwin-arm64@4.28.1':
    optional: true

  '@rollup/rollup-darwin-x64@4.28.1':
    optional: true

  '@rollup/rollup-freebsd-arm64@4.28.1':
    optional: true

  '@rollup/rollup-freebsd-x64@4.28.1':
    optional: true

  '@rollup/rollup-linux-arm-gnueabihf@4.28.1':
    optional: true

  '@rollup/rollup-linux-arm-musleabihf@4.28.1':
    optional: true

  '@rollup/rollup-linux-arm64-gnu@4.28.1':
    optional: true

  '@rollup/rollup-linux-arm64-musl@4.28.1':
    optional: true

  '@rollup/rollup-linux-loongarch64-gnu@4.28.1':
    optional: true

  '@rollup/rollup-linux-powerpc64le-gnu@4.28.1':
    optional: true

  '@rollup/rollup-linux-riscv64-gnu@4.28.1':
    optional: true

  '@rollup/rollup-linux-s390x-gnu@4.28.1':
    optional: true

  '@rollup/rollup-linux-x64-gnu@4.28.1':
    optional: true

  '@rollup/rollup-linux-x64-musl@4.28.1':
    optional: true

  '@rollup/rollup-win32-arm64-msvc@4.28.1':
    optional: true

  '@rollup/rollup-win32-ia32-msvc@4.28.1':
    optional: true

  '@rollup/rollup-win32-x64-msvc@4.28.1':
    optional: true

  '@sxzz/popperjs-es@2.11.7': {}

  '@types/estree@1.0.6': {}

  '@types/lodash-es@4.17.12':
    dependencies:
      '@types/lodash': 4.17.13

  '@types/lodash@4.17.13': {}

  '@types/node@20.17.9':
    dependencies:
      undici-types: 6.19.8

  '@types/web-bluetooth@0.0.16': {}

  '@vitejs/plugin-vue@4.6.2(vite@5.4.11(@types/node@20.17.9)(sass@1.82.0))(vue@3.5.13(typescript@5.7.2))':
    dependencies:
      vite: 5.4.11(@types/node@20.17.9)(sass@1.82.0)
      vue: 3.5.13(typescript@5.7.2)

  '@volar/language-core@1.11.1':
    dependencies:
      '@volar/source-map': 1.11.1

  '@volar/source-map@1.11.1':
    dependencies:
      muggle-string: 0.3.1

  '@volar/typescript@1.11.1':
    dependencies:
      '@volar/language-core': 1.11.1
      path-browserify: 1.0.1

  '@vue/compiler-core@3.5.13':
    dependencies:
      '@babel/parser': 7.26.3
      '@vue/shared': 3.5.13
      entities: 4.5.0
      estree-walker: 2.0.2
      source-map-js: 1.2.1

  '@vue/compiler-dom@3.5.13':
    dependencies:
      '@vue/compiler-core': 3.5.13
      '@vue/shared': 3.5.13

  '@vue/compiler-sfc@3.5.13':
    dependencies:
      '@babel/parser': 7.26.3
      '@vue/compiler-core': 3.5.13
      '@vue/compiler-dom': 3.5.13
      '@vue/compiler-ssr': 3.5.13
      '@vue/shared': 3.5.13
      estree-walker: 2.0.2
      magic-string: 0.30.14
      postcss: 8.4.49
      source-map-js: 1.2.1

  '@vue/compiler-ssr@3.5.13':
    dependencies:
      '@vue/compiler-dom': 3.5.13
      '@vue/shared': 3.5.13

  '@vue/devtools-api@6.6.4': {}

  '@vue/language-core@1.8.27(typescript@5.7.2)':
    dependencies:
      '@volar/language-core': 1.11.1
      '@volar/source-map': 1.11.1
      '@vue/compiler-dom': 3.5.13
      '@vue/shared': 3.5.13
      computeds: 0.0.1
      minimatch: 9.0.5
      muggle-string: 0.3.1
      path-browserify: 1.0.1
      vue-template-compiler: 2.7.16
    optionalDependencies:
      typescript: 5.7.2

  '@vue/reactivity@3.5.13':
    dependencies:
      '@vue/shared': 3.5.13

  '@vue/runtime-core@3.5.13':
    dependencies:
      '@vue/reactivity': 3.5.13
      '@vue/shared': 3.5.13

  '@vue/runtime-dom@3.5.13':
    dependencies:
      '@vue/reactivity': 3.5.13
      '@vue/runtime-core': 3.5.13
      '@vue/shared': 3.5.13
      csstype: 3.1.3

  '@vue/server-renderer@3.5.13(vue@3.5.13(typescript@5.7.2))':
    dependencies:
      '@vue/compiler-ssr': 3.5.13
      '@vue/shared': 3.5.13
      vue: 3.5.13(typescript@5.7.2)

  '@vue/shared@3.5.13': {}

  '@vueuse/core@9.13.0(vue@3.5.13(typescript@5.7.2))':
    dependencies:
      '@types/web-bluetooth': 0.0.16
      '@vueuse/metadata': 9.13.0
      '@vueuse/shared': 9.13.0(vue@3.5.13(typescript@5.7.2))
      vue-demi: 0.14.10(vue@3.5.13(typescript@5.7.2))
    transitivePeerDependencies:
      - '@vue/composition-api'
      - vue

  '@vueuse/metadata@9.13.0': {}

  '@vueuse/shared@9.13.0(vue@3.5.13(typescript@5.7.2))':
    dependencies:
      vue-demi: 0.14.10(vue@3.5.13(typescript@5.7.2))
    transitivePeerDependencies:
      - '@vue/composition-api'
      - vue

  async-validator@4.2.5: {}

  asynckit@0.4.0: {}

  axios@1.7.9:
    dependencies:
      follow-redirects: 1.15.9
      form-data: 4.0.1
      proxy-from-env: 1.1.0
    transitivePeerDependencies:
      - debug

  balanced-match@1.0.2: {}

  brace-expansion@2.0.1:
    dependencies:
      balanced-match: 1.0.2

  braces@3.0.3:
    dependencies:
      fill-range: 7.1.1
    optional: true

  chokidar@4.0.1:
    dependencies:
      readdirp: 4.0.2

  combined-stream@1.0.8:
    dependencies:
      delayed-stream: 1.0.0

  computeds@0.0.1: {}

  csstype@3.1.3: {}

  dayjs@1.11.13: {}

  de-indent@1.0.2: {}

  delayed-stream@1.0.0: {}

  detect-libc@1.0.3:
    optional: true

  element-plus@2.9.0(vue@3.5.13(typescript@5.7.2)):
    dependencies:
      '@ctrl/tinycolor': 3.6.1
      '@element-plus/icons-vue': 2.3.1(vue@3.5.13(typescript@5.7.2))
      '@floating-ui/dom': 1.6.12
      '@popperjs/core': '@sxzz/popperjs-es@2.11.7'
      '@types/lodash': 4.17.13
      '@types/lodash-es': 4.17.12
      '@vueuse/core': 9.13.0(vue@3.5.13(typescript@5.7.2))
      async-validator: 4.2.5
      dayjs: 1.11.13
      escape-html: 1.0.3
      lodash: 4.17.21
      lodash-es: 4.17.21
      lodash-unified: 1.0.3(@types/lodash-es@4.17.12)(lodash-es@4.17.21)(lodash@4.17.21)
      memoize-one: 6.0.0
      normalize-wheel-es: 1.2.0
      vue: 3.5.13(typescript@5.7.2)
    transitivePeerDependencies:
      - '@vue/composition-api'

  entities@4.5.0: {}

  esbuild@0.21.5:
    optionalDependencies:
      '@esbuild/aix-ppc64': 0.21.5
      '@esbuild/android-arm': 0.21.5
      '@esbuild/android-arm64': 0.21.5
      '@esbuild/android-x64': 0.21.5
      '@esbuild/darwin-arm64': 0.21.5
      '@esbuild/darwin-x64': 0.21.5
      '@esbuild/freebsd-arm64': 0.21.5
      '@esbuild/freebsd-x64': 0.21.5
      '@esbuild/linux-arm': 0.21.5
      '@esbuild/linux-arm64': 0.21.5
      '@esbuild/linux-ia32': 0.21.5
      '@esbuild/linux-loong64': 0.21.5
      '@esbuild/linux-mips64el': 0.21.5
      '@esbuild/linux-ppc64': 0.21.5
      '@esbuild/linux-riscv64': 0.21.5
      '@esbuild/linux-s390x': 0.21.5
      '@esbuild/linux-x64': 0.21.5
      '@esbuild/netbsd-x64': 0.21.5
      '@esbuild/openbsd-x64': 0.21.5
      '@esbuild/sunos-x64': 0.21.5
      '@esbuild/win32-arm64': 0.21.5
      '@esbuild/win32-ia32': 0.21.5
      '@esbuild/win32-x64': 0.21.5

  escape-html@1.0.3: {}

  estree-walker@2.0.2: {}

  fill-range@7.1.1:
    dependencies:
      to-regex-range: 5.0.1
    optional: true

  follow-redirects@1.15.9: {}

  form-data@4.0.1:
    dependencies:
      asynckit: 0.4.0
      combined-stream: 1.0.8
      mime-types: 2.1.35

  fsevents@2.3.3:
    optional: true

  he@1.2.0: {}

  immutable@5.0.3: {}

  is-extglob@2.1.1:
    optional: true

  is-glob@4.0.3:
    dependencies:
      is-extglob: 2.1.1
    optional: true

  is-number@7.0.0:
    optional: true

  lodash-es@4.17.21: {}

  lodash-unified@1.0.3(@types/lodash-es@4.17.12)(lodash-es@4.17.21)(lodash@4.17.21):
    dependencies:
      '@types/lodash-es': 4.17.12
      lodash: 4.17.21
      lodash-es: 4.17.21

  lodash@4.17.21: {}

  magic-string@0.30.14:
    dependencies:
      '@jridgewell/sourcemap-codec': 1.5.0

  memoize-one@6.0.0: {}

  micromatch@4.0.8:
    dependencies:
      braces: 3.0.3
      picomatch: 2.3.1
    optional: true

  mime-db@1.52.0: {}

  mime-types@2.1.35:
    dependencies:
      mime-db: 1.52.0

  minimatch@9.0.5:
    dependencies:
      brace-expansion: 2.0.1

  muggle-string@0.3.1: {}

  nanoid@3.3.8: {}

  node-addon-api@7.1.1:
    optional: true

  normalize-wheel-es@1.2.0: {}

  path-browserify@1.0.1: {}

  picocolors@1.1.1: {}

  picomatch@2.3.1:
    optional: true

  pinia@2.3.0(typescript@5.7.2)(vue@3.5.13(typescript@5.7.2)):
    dependencies:
      '@vue/devtools-api': 6.6.4
      vue: 3.5.13(typescript@5.7.2)
      vue-demi: 0.14.10(vue@3.5.13(typescript@5.7.2))
    optionalDependencies:
      typescript: 5.7.2
    transitivePeerDependencies:
      - '@vue/composition-api'

  postcss@8.4.49:
    dependencies:
      nanoid: 3.3.8
      picocolors: 1.1.1
      source-map-js: 1.2.1

  proxy-from-env@1.1.0: {}

  readdirp@4.0.2: {}

  rollup@4.28.1:
    dependencies:
      '@types/estree': 1.0.6
    optionalDependencies:
      '@rollup/rollup-android-arm-eabi': 4.28.1
      '@rollup/rollup-android-arm64': 4.28.1
      '@rollup/rollup-darwin-arm64': 4.28.1
      '@rollup/rollup-darwin-x64': 4.28.1
      '@rollup/rollup-freebsd-arm64': 4.28.1
      '@rollup/rollup-freebsd-x64': 4.28.1
      '@rollup/rollup-linux-arm-gnueabihf': 4.28.1
      '@rollup/rollup-linux-arm-musleabihf': 4.28.1
      '@rollup/rollup-linux-arm64-gnu': 4.28.1
      '@rollup/rollup-linux-arm64-musl': 4.28.1
      '@rollup/rollup-linux-loongarch64-gnu': 4.28.1
      '@rollup/rollup-linux-powerpc64le-gnu': 4.28.1
      '@rollup/rollup-linux-riscv64-gnu': 4.28.1
      '@rollup/rollup-linux-s390x-gnu': 4.28.1
      '@rollup/rollup-linux-x64-gnu': 4.28.1
      '@rollup/rollup-linux-x64-musl': 4.28.1
      '@rollup/rollup-win32-arm64-msvc': 4.28.1
      '@rollup/rollup-win32-ia32-msvc': 4.28.1
      '@rollup/rollup-win32-x64-msvc': 4.28.1
      fsevents: 2.3.3

  sass@1.82.0:
    dependencies:
      chokidar: 4.0.1
      immutable: 5.0.3
      source-map-js: 1.2.1
    optionalDependencies:
      '@parcel/watcher': 2.5.0

  semver@7.6.3: {}

  source-map-js@1.2.1: {}

  to-regex-range@5.0.1:
    dependencies:
      is-number: 7.0.0
    optional: true

  typescript@5.7.2: {}

  undici-types@6.19.8: {}

  vite@5.4.11(@types/node@20.17.9)(sass@1.82.0):
    dependencies:
      esbuild: 0.21.5
      postcss: 8.4.49
      rollup: 4.28.1
    optionalDependencies:
      '@types/node': 20.17.9
      fsevents: 2.3.3
      sass: 1.82.0

  vue-demi@0.14.10(vue@3.5.13(typescript@5.7.2)):
    dependencies:
      vue: 3.5.13(typescript@5.7.2)

  vue-router@4.5.0(vue@3.5.13(typescript@5.7.2)):
    dependencies:
      '@vue/devtools-api': 6.6.4
      vue: 3.5.13(typescript@5.7.2)

  vue-template-compiler@2.7.16:
    dependencies:
      de-indent: 1.0.2
      he: 1.2.0

  vue-tsc@1.8.27(typescript@5.7.2):
    dependencies:
      '@volar/typescript': 1.11.1
      '@vue/language-core': 1.8.27(typescript@5.7.2)
      semver: 7.6.3
      typescript: 5.7.2

  vue@3.5.13(typescript@5.7.2):
    dependencies:
      '@vue/compiler-dom': 3.5.13
      '@vue/compiler-sfc': 3.5.13
      '@vue/runtime-dom': 3.5.13
      '@vue/server-renderer': 3.5.13(vue@3.5.13(typescript@5.7.2))
      '@vue/shared': 3.5.13
    optionalDependencies:
      typescript: 5.7.2
